
Microsoft Visual Studio Solution File, Format Version 12.00
# Visual Studio Version 17
VisualStudioVersion = 17.14.36518.9 d17.14
MinimumVisualStudioVersion = 10.0.40219.1
Project("{FAE04EC0-301F-11D3-BF4B-00C04F79EFBC}") = "Welington II", "Welington II.csproj", "{2E815743-2878-49CD-91C7-3B61EACFB115}"
EndProject
Global
	GlobalSection(SolutionConfigurationPlatforms) = preSolution
		Debug|Any CPU = Debug|Any CPU
		Release|Any CPU = Release|Any CPU
	EndGlobalSection
	GlobalSection(ProjectConfigurationPlatforms) = postSolution
		{2E815743-2878-49CD-91C7-3B61EACFB115}.Debug|Any CPU.ActiveCfg = Debug|Any CPU
		{2E815743-2878-49CD-91C7-3B61EACFB115}.Debug|Any CPU.Build.0 = Debug|Any CPU
		{2E815743-2878-49CD-91C7-3B61EACFB115}.Release|Any CPU.ActiveCfg = Release|Any CPU
		{2E815743-2878-49CD-91C7-3B61EACFB115}.Release|Any CPU.Build.0 = Release|Any CPU
	EndGlobalSection
	GlobalSection(SolutionProperties) = preSolution
		HideSolutionNode = FALSE
	EndGlobalSection
	GlobalSection(ExtensibilityGlobals) = postSolution
		SolutionGuid = {BD0FEF8D-1EB4-404C-8EB7-53B57CC4FE39}
	EndGlobalSection
EndGlobal
